
Microsoft Visual Studio Solution File, Format Version 12.00
# Visual Studio Version 17
VisualStudioVersion = 17.11.35312.102
MinimumVisualStudioVersion = 10.0.40219.1
Project("{2150E333-8FDC-42A3-9474-1A3956D46DE8}") = "UI", "UI", "{0C859F03-4FD9-4B3B-9A02-53A9AD41E668}"
EndProject
Project("{2150E333-8FDC-42A3-9474-1A3956D46DE8}") = "Lib", "Lib", "{16B4C4FC-7654-4B2D-AF1D-99428A7607B4}"
EndProject
Project("{F184B08F-C81C-45F6-A57F-5ABD9991F28F}") = "NGS.Web.UI", "NGS.Web.UI\NGS.Web.UI.vbproj", "{76025362-929E-4B2B-84E9-9A312DEE75E1}"
EndProject
Project("{F184B08F-C81C-45F6-A57F-5ABD9991F28F}") = "NGS.Lib.Uteis", "NGS.Lib.Uteis\NGS.Lib.Uteis.vbproj", "{9C61A3C9-F5C1-42CB-A0A4-B8779E4BEFB3}"
EndProject
Project("{F184B08F-C81C-45F6-A57F-5ABD9991F28F}") = "NGS.Lib.Negocio", "NGS.Lib.Negocio\NGS.Lib.Negocio.vbproj", "{7DE01FBE-F20E-498C-9633-20B3D8735906}"
EndProject
Project("{2150E333-8FDC-42A3-9474-1A3956D46DE8}") = "Tecnologia", "Tecnologia", "{26881181-364E-48CF-B1CE-FBEDF74DD1AA}"
EndProject
Project("{FAE04EC0-301F-11D3-BF4B-00C04F79EFBC}") = "GenCode128", "GenCode128\GenCode128.csproj", "{32817BF9-E380-4467-9C7F-936F4B122BC7}"
EndProject
Project("{FAE04EC0-301F-11D3-BF4B-00C04F79EFBC}") = "QRCodeLib", "QRCodeLib\QRCodeLib.csproj", "{E98126B2-AF17-4783-96B9-856D6744DCA3}"
EndProject
Project("{2150E333-8FDC-42A3-9474-1A3956D46DE8}") = "Integracao", "Integracao", "{13A06F22-ADA7-494D-AD94-C4B977623672}"
EndProject
Project("{F184B08F-C81C-45F6-A57F-5ABD9991F28F}") = "OnMobile.Lib.Negocio", "OnMobile.Lib.Negocio\OnMobile.Lib.Negocio.vbproj", "{CA64FFC1-6FB0-421E-92D4-9A2F6D637192}"
EndProject
Project("{F184B08F-C81C-45F6-A57F-5ABD9991F28F}") = "OnMobile.Api", "OnMobile.Api\OnMobile.Api.vbproj", "{EF318054-CB02-4161-8596-019C04054FC3}"
EndProject
Project("{F184B08F-C81C-45F6-A57F-5ABD9991F28F}") = "NGS.Web.Api", "NGS.Web.Api\NGS.Web.Api.vbproj", "{77F4E2A0-F276-4918-B6E5-356AE91388EC}"
EndProject
Project("{FAE04EC0-301F-11D3-BF4B-00C04F79EFBC}") = "DocsBr", "DocsBr\DocsBr.csproj", "{C5E55497-8B55-493F-BF9F-AE7AFCA5C368}"
EndProject
Global
	GlobalSection(SolutionConfigurationPlatforms) = preSolution
		Debug|Any CPU = Debug|Any CPU
		Debug|Mixed Platforms = Debug|Mixed Platforms
		Debug|x86 = Debug|x86
		Release|Any CPU = Release|Any CPU
		Release|Mixed Platforms = Release|Mixed Platforms
		Release|x86 = Release|x86
	EndGlobalSection
	GlobalSection(ProjectConfigurationPlatforms) = postSolution
		{76025362-929E-4B2B-84E9-9A312DEE75E1}.Debug|Any CPU.ActiveCfg = Debug|Any CPU
		{76025362-929E-4B2B-84E9-9A312DEE75E1}.Debug|Any CPU.Build.0 = Debug|Any CPU
		{76025362-929E-4B2B-84E9-9A312DEE75E1}.Debug|Mixed Platforms.ActiveCfg = Debug|Any CPU
		{76025362-929E-4B2B-84E9-9A312DEE75E1}.Debug|Mixed Platforms.Build.0 = Debug|Any CPU
		{76025362-929E-4B2B-84E9-9A312DEE75E1}.Debug|x86.ActiveCfg = Debug|Any CPU
		{76025362-929E-4B2B-84E9-9A312DEE75E1}.Release|Any CPU.ActiveCfg = Debug|Any CPU
		{76025362-929E-4B2B-84E9-9A312DEE75E1}.Release|Any CPU.Build.0 = Debug|Any CPU
		{76025362-929E-4B2B-84E9-9A312DEE75E1}.Release|Mixed Platforms.ActiveCfg = Release|Any CPU
		{76025362-929E-4B2B-84E9-9A312DEE75E1}.Release|Mixed Platforms.Build.0 = Release|Any CPU
		{76025362-929E-4B2B-84E9-9A312DEE75E1}.Release|x86.ActiveCfg = Release|Any CPU
		{9C61A3C9-F5C1-42CB-A0A4-B8779E4BEFB3}.Debug|Any CPU.ActiveCfg = Debug|Any CPU
		{9C61A3C9-F5C1-42CB-A0A4-B8779E4BEFB3}.Debug|Any CPU.Build.0 = Debug|Any CPU
		{9C61A3C9-F5C1-42CB-A0A4-B8779E4BEFB3}.Debug|Mixed Platforms.ActiveCfg = Debug|Any CPU
		{9C61A3C9-F5C1-42CB-A0A4-B8779E4BEFB3}.Debug|Mixed Platforms.Build.0 = Debug|Any CPU
		{9C61A3C9-F5C1-42CB-A0A4-B8779E4BEFB3}.Debug|x86.ActiveCfg = Debug|Any CPU
		{9C61A3C9-F5C1-42CB-A0A4-B8779E4BEFB3}.Release|Any CPU.ActiveCfg = Release|Any CPU
		{9C61A3C9-F5C1-42CB-A0A4-B8779E4BEFB3}.Release|Any CPU.Build.0 = Release|Any CPU
		{9C61A3C9-F5C1-42CB-A0A4-B8779E4BEFB3}.Release|Mixed Platforms.ActiveCfg = Release|Any CPU
		{9C61A3C9-F5C1-42CB-A0A4-B8779E4BEFB3}.Release|x86.ActiveCfg = Release|Any CPU
		{7DE01FBE-F20E-498C-9633-20B3D8735906}.Debug|Any CPU.ActiveCfg = Debug|Any CPU
		{7DE01FBE-F20E-498C-9633-20B3D8735906}.Debug|Any CPU.Build.0 = Debug|Any CPU
		{7DE01FBE-F20E-498C-9633-20B3D8735906}.Debug|Mixed Platforms.ActiveCfg = Debug|Any CPU
		{7DE01FBE-F20E-498C-9633-20B3D8735906}.Debug|Mixed Platforms.Build.0 = Debug|Any CPU
		{7DE01FBE-F20E-498C-9633-20B3D8735906}.Debug|x86.ActiveCfg = Debug|Any CPU
		{7DE01FBE-F20E-498C-9633-20B3D8735906}.Release|Any CPU.ActiveCfg = Release|Any CPU
		{7DE01FBE-F20E-498C-9633-20B3D8735906}.Release|Any CPU.Build.0 = Release|Any CPU
		{7DE01FBE-F20E-498C-9633-20B3D8735906}.Release|Mixed Platforms.ActiveCfg = Release|Any CPU
		{7DE01FBE-F20E-498C-9633-20B3D8735906}.Release|Mixed Platforms.Build.0 = Release|Any CPU
		{7DE01FBE-F20E-498C-9633-20B3D8735906}.Release|x86.ActiveCfg = Release|Any CPU
		{7DE01FBE-F20E-498C-9633-20B3D8735906}.Release|x86.Build.0 = Release|Any CPU
		{32817BF9-E380-4467-9C7F-936F4B122BC7}.Debug|Any CPU.ActiveCfg = Debug|Any CPU
		{32817BF9-E380-4467-9C7F-936F4B122BC7}.Debug|Any CPU.Build.0 = Debug|Any CPU
		{32817BF9-E380-4467-9C7F-936F4B122BC7}.Debug|Mixed Platforms.ActiveCfg = Debug|Any CPU
		{32817BF9-E380-4467-9C7F-936F4B122BC7}.Debug|x86.ActiveCfg = Debug|Any CPU
		{32817BF9-E380-4467-9C7F-936F4B122BC7}.Debug|x86.Build.0 = Debug|Any CPU
		{32817BF9-E380-4467-9C7F-936F4B122BC7}.Release|Any CPU.ActiveCfg = Release|Any CPU
		{32817BF9-E380-4467-9C7F-936F4B122BC7}.Release|Any CPU.Build.0 = Release|Any CPU
		{32817BF9-E380-4467-9C7F-936F4B122BC7}.Release|Mixed Platforms.ActiveCfg = Release|Any CPU
		{32817BF9-E380-4467-9C7F-936F4B122BC7}.Release|Mixed Platforms.Build.0 = Release|Any CPU
		{32817BF9-E380-4467-9C7F-936F4B122BC7}.Release|x86.ActiveCfg = Release|Any CPU
		{32817BF9-E380-4467-9C7F-936F4B122BC7}.Release|x86.Build.0 = Release|Any CPU
		{E98126B2-AF17-4783-96B9-856D6744DCA3}.Debug|Any CPU.ActiveCfg = Debug|Any CPU
		{E98126B2-AF17-4783-96B9-856D6744DCA3}.Debug|Any CPU.Build.0 = Debug|Any CPU
		{E98126B2-AF17-4783-96B9-856D6744DCA3}.Debug|Mixed Platforms.ActiveCfg = Debug|Any CPU
		{E98126B2-AF17-4783-96B9-856D6744DCA3}.Debug|x86.ActiveCfg = Debug|Any CPU
		{E98126B2-AF17-4783-96B9-856D6744DCA3}.Debug|x86.Build.0 = Debug|Any CPU
		{E98126B2-AF17-4783-96B9-856D6744DCA3}.Release|Any CPU.ActiveCfg = Release|Any CPU
		{E98126B2-AF17-4783-96B9-856D6744DCA3}.Release|Any CPU.Build.0 = Release|Any CPU
		{E98126B2-AF17-4783-96B9-856D6744DCA3}.Release|Mixed Platforms.ActiveCfg = Release|Any CPU
		{E98126B2-AF17-4783-96B9-856D6744DCA3}.Release|Mixed Platforms.Build.0 = Release|Any CPU
		{E98126B2-AF17-4783-96B9-856D6744DCA3}.Release|x86.ActiveCfg = Release|Any CPU
		{E98126B2-AF17-4783-96B9-856D6744DCA3}.Release|x86.Build.0 = Release|Any CPU
		{CA64FFC1-6FB0-421E-92D4-9A2F6D637192}.Debug|Any CPU.ActiveCfg = Debug|Any CPU
		{CA64FFC1-6FB0-421E-92D4-9A2F6D637192}.Debug|Any CPU.Build.0 = Debug|Any CPU
		{CA64FFC1-6FB0-421E-92D4-9A2F6D637192}.Debug|Mixed Platforms.ActiveCfg = Debug|Any CPU
		{CA64FFC1-6FB0-421E-92D4-9A2F6D637192}.Debug|Mixed Platforms.Build.0 = Debug|Any CPU
		{CA64FFC1-6FB0-421E-92D4-9A2F6D637192}.Debug|x86.ActiveCfg = Debug|Any CPU
		{CA64FFC1-6FB0-421E-92D4-9A2F6D637192}.Debug|x86.Build.0 = Debug|Any CPU
		{CA64FFC1-6FB0-421E-92D4-9A2F6D637192}.Release|Any CPU.ActiveCfg = Release|Any CPU
		{CA64FFC1-6FB0-421E-92D4-9A2F6D637192}.Release|Any CPU.Build.0 = Release|Any CPU
		{CA64FFC1-6FB0-421E-92D4-9A2F6D637192}.Release|Mixed Platforms.ActiveCfg = Release|Any CPU
		{CA64FFC1-6FB0-421E-92D4-9A2F6D637192}.Release|Mixed Platforms.Build.0 = Release|Any CPU
		{CA64FFC1-6FB0-421E-92D4-9A2F6D637192}.Release|x86.ActiveCfg = Release|Any CPU
		{CA64FFC1-6FB0-421E-92D4-9A2F6D637192}.Release|x86.Build.0 = Release|Any CPU
		{EF318054-CB02-4161-8596-019C04054FC3}.Debug|Any CPU.ActiveCfg = Debug|Any CPU
		{EF318054-CB02-4161-8596-019C04054FC3}.Debug|Any CPU.Build.0 = Debug|Any CPU
		{EF318054-CB02-4161-8596-019C04054FC3}.Debug|Mixed Platforms.ActiveCfg = Debug|Any CPU
		{EF318054-CB02-4161-8596-019C04054FC3}.Debug|Mixed Platforms.Build.0 = Debug|Any CPU
		{EF318054-CB02-4161-8596-019C04054FC3}.Debug|x86.ActiveCfg = Debug|Any CPU
		{EF318054-CB02-4161-8596-019C04054FC3}.Debug|x86.Build.0 = Debug|Any CPU
		{EF318054-CB02-4161-8596-019C04054FC3}.Release|Any CPU.ActiveCfg = Release|Any CPU
		{EF318054-CB02-4161-8596-019C04054FC3}.Release|Any CPU.Build.0 = Release|Any CPU
		{EF318054-CB02-4161-8596-019C04054FC3}.Release|Mixed Platforms.ActiveCfg = Release|Any CPU
		{EF318054-CB02-4161-8596-019C04054FC3}.Release|Mixed Platforms.Build.0 = Release|Any CPU
		{EF318054-CB02-4161-8596-019C04054FC3}.Release|x86.ActiveCfg = Release|Any CPU
		{EF318054-CB02-4161-8596-019C04054FC3}.Release|x86.Build.0 = Release|Any CPU
		{77F4E2A0-F276-4918-B6E5-356AE91388EC}.Debug|Any CPU.ActiveCfg = Debug|Any CPU
		{77F4E2A0-F276-4918-B6E5-356AE91388EC}.Debug|Any CPU.Build.0 = Debug|Any CPU
		{77F4E2A0-F276-4918-B6E5-356AE91388EC}.Debug|Mixed Platforms.ActiveCfg = Debug|Any CPU
		{77F4E2A0-F276-4918-B6E5-356AE91388EC}.Debug|Mixed Platforms.Build.0 = Debug|Any CPU
		{77F4E2A0-F276-4918-B6E5-356AE91388EC}.Debug|x86.ActiveCfg = Debug|Any CPU
		{77F4E2A0-F276-4918-B6E5-356AE91388EC}.Debug|x86.Build.0 = Debug|Any CPU
		{77F4E2A0-F276-4918-B6E5-356AE91388EC}.Release|Any CPU.ActiveCfg = Release|Any CPU
		{77F4E2A0-F276-4918-B6E5-356AE91388EC}.Release|Any CPU.Build.0 = Release|Any CPU
		{77F4E2A0-F276-4918-B6E5-356AE91388EC}.Release|Mixed Platforms.ActiveCfg = Release|Any CPU
		{77F4E2A0-F276-4918-B6E5-356AE91388EC}.Release|Mixed Platforms.Build.0 = Release|Any CPU
		{77F4E2A0-F276-4918-B6E5-356AE91388EC}.Release|x86.ActiveCfg = Release|Any CPU
		{77F4E2A0-F276-4918-B6E5-356AE91388EC}.Release|x86.Build.0 = Release|Any CPU
		{C5E55497-8B55-493F-BF9F-AE7AFCA5C368}.Debug|Any CPU.ActiveCfg = Debug|Any CPU
		{C5E55497-8B55-493F-BF9F-AE7AFCA5C368}.Debug|Any CPU.Build.0 = Debug|Any CPU
		{C5E55497-8B55-493F-BF9F-AE7AFCA5C368}.Debug|Mixed Platforms.ActiveCfg = Debug|Any CPU
		{C5E55497-8B55-493F-BF9F-AE7AFCA5C368}.Debug|Mixed Platforms.Build.0 = Debug|Any CPU
		{C5E55497-8B55-493F-BF9F-AE7AFCA5C368}.Debug|x86.ActiveCfg = Debug|Any CPU
		{C5E55497-8B55-493F-BF9F-AE7AFCA5C368}.Debug|x86.Build.0 = Debug|Any CPU
		{C5E55497-8B55-493F-BF9F-AE7AFCA5C368}.Release|Any CPU.ActiveCfg = Release|Any CPU
		{C5E55497-8B55-493F-BF9F-AE7AFCA5C368}.Release|Any CPU.Build.0 = Release|Any CPU
		{C5E55497-8B55-493F-BF9F-AE7AFCA5C368}.Release|Mixed Platforms.ActiveCfg = Release|Any CPU
		{C5E55497-8B55-493F-BF9F-AE7AFCA5C368}.Release|Mixed Platforms.Build.0 = Release|Any CPU
		{C5E55497-8B55-493F-BF9F-AE7AFCA5C368}.Release|x86.ActiveCfg = Release|Any CPU
		{C5E55497-8B55-493F-BF9F-AE7AFCA5C368}.Release|x86.Build.0 = Release|Any CPU
	EndGlobalSection
	GlobalSection(SolutionProperties) = preSolution
		HideSolutionNode = FALSE
	EndGlobalSection
	GlobalSection(NestedProjects) = preSolution
		{76025362-929E-4B2B-84E9-9A312DEE75E1} = {0C859F03-4FD9-4B3B-9A02-53A9AD41E668}
		{9C61A3C9-F5C1-42CB-A0A4-B8779E4BEFB3} = {16B4C4FC-7654-4B2D-AF1D-99428A7607B4}
		{7DE01FBE-F20E-498C-9633-20B3D8735906} = {16B4C4FC-7654-4B2D-AF1D-99428A7607B4}
		{32817BF9-E380-4467-9C7F-936F4B122BC7} = {26881181-364E-48CF-B1CE-FBEDF74DD1AA}
		{E98126B2-AF17-4783-96B9-856D6744DCA3} = {26881181-364E-48CF-B1CE-FBEDF74DD1AA}
		{CA64FFC1-6FB0-421E-92D4-9A2F6D637192} = {13A06F22-ADA7-494D-AD94-C4B977623672}
		{EF318054-CB02-4161-8596-019C04054FC3} = {13A06F22-ADA7-494D-AD94-C4B977623672}
		{C5E55497-8B55-493F-BF9F-AE7AFCA5C368} = {26881181-364E-48CF-B1CE-FBEDF74DD1AA}
	EndGlobalSection
	GlobalSection(ExtensibilityGlobals) = postSolution
		SolutionGuid = {88803812-EC81-49EB-8953-048563721F81}
	EndGlobalSection
EndGlobal
